{
  "nodes": {
    "devshell": {
      "inputs": {
        "nixpkgs": [
          "nixpkgs"
        ],
        "systems": "systems"
      },
      "locked": {
        "lastModified": 1700815693,
        "narHash": "sha256-JtKZEQUzosrCwDsLgm+g6aqbP1aseUl1334OShEAS3s=",
        "owner": "numtide",
        "repo": "devshell",
        "rev": "7ad1c417c87e98e56dcef7ecd0e0a2f2e5669d51",
        "type": "github"
      },
      "original": {
        "owner": "numtide",
        "repo": "devshell",
        "type": "github"
      }
    },
    "flake-parts": {
      "inputs": {
        "nixpkgs-lib": [
          "nixpkgs"
        ]
      },
      "locked": {
        "lastModified": 1698882062,
        "narHash": "sha256-HkhafUayIqxXyHH1X8d9RDl1M2CkFgZLjKD3MzabiEo=",
        "owner": "hercules-ci",
        "repo": "flake-parts",
        "rev": "8c9fa2545007b49a5db5f650ae91f227672c3877",
        "type": "github"
      },
      "original": {
        "owner": "hercules-ci",
        "repo": "flake-parts",
        "type": "github"
      }
    },
    "matrix-js-sdk": {
      "inputs": {
        "devshell": [
          "devshell"
        ],
        "flake-parts": [
          "flake-parts"
        ],
        "nixpkgs": [
          "nixpkgs"
        ]
      },
      "locked": {
        "lastModified": 1700902201,
        "narHash": "sha256-OkXv0MoGmaXarFkVuFBYxaT6XFB8+FosBN+SA9vWzU0=",
        "owner": "darkkirb",
        "repo": "matrix-js-sdk",
        "rev": "40f5c69ac802599ef6068718c9cae6a5d9937d85",
        "type": "github"
      },
      "original": {
        "owner": "darkkirb",
        "repo": "matrix-js-sdk",
        "type": "github"
      }
    },
    "matrix-react-sdk": {
      "inputs": {
        "devshell": [
          "devshell"
        ],
        "flake-parts": [
          "flake-parts"
        ],
        "matrix-js-sdk": [
          "nixpkgs"
        ],
        "nixpkgs": [
          "nixpkgs"
        ]
      },
      "locked": {
        "lastModified": 1700903743,
        "narHash": "sha256-JrO5CjNQqANRCKnZwKLpNwOTgmsyMXkUIeh/TwjosGY=",
        "owner": "darkkirb",
        "repo": "matrix-react-sdk",
        "rev": "5b3265464e3061d7a8ebfd5441efcbab5b653723",
        "type": "github"
      },
      "original": {
        "owner": "darkkirb",
        "repo": "matrix-react-sdk",
        "type": "github"
      }
    },
    "nixpkgs": {
      "locked": {
        "lastModified": 1700917808,
        "narHash": "sha256-K4PKOem3Cy/bG/vBQI/lPIqYT/5kBWrT38C1ofP9MkM=",
        "owner": "NixOS",
        "repo": "nixpkgs",
        "rev": "21dc638b828491b365f05ce49aa8ea816956a35c",
        "type": "github"
      },
      "original": {
        "owner": "NixOS",
        "repo": "nixpkgs",
        "type": "github"
      }
    },
    "root": {
      "inputs": {
        "devshell": "devshell",
        "flake-parts": "flake-parts",
        "matrix-js-sdk": "matrix-js-sdk",
        "matrix-react-sdk": "matrix-react-sdk",
        "nixpkgs": "nixpkgs"
      }
    },
    "systems": {
      "locked": {
        "lastModified": 1681028828,
        "narHash": "sha256-Vy1rq5AaRuLzOxct8nz4T6wlgyUR7zLU309k9mBC768=",
        "owner": "nix-systems",
        "repo": "default",
        "rev": "da67096a3b9bf56a91d16901293e51ba5b49a27e",
        "type": "github"
      },
      "original": {
        "owner": "nix-systems",
        "repo": "default",
        "type": "github"
      }
    }
  },
  "root": "root",
  "version": 7
}
